PODS:
  - AffdexSDK-iOS (3.2.0-596):
    - AWSKinesis
  - AWSCore (2.4.16)
  - AWSKinesis (2.4.16):
    - AWSCore (= 2.4.16)

DEPENDENCIES:
  - AffdexSDK-iOS (= 3.2.0-596)

SPEC CHECKSUMS:
  AffdexSDK-iOS: cf87ac5851e5947896693bf4b5d924b95035d983
  AWSCore: 7c3c129991e6387bcbad7132bc3661e7135754db
  AWSKinesis: 7e449258e9f7efa7d54c407a7136120ab033115c

PODFILE CHECKSUM: 8662d471eba45f6f5ec7ece2a310e655db3bcdfa

COCOAPODS: 1.2.0.beta.1
