PODS:
  - AffdexSDK-iOS (3.2.1-629):
    - AWSKinesis
  - AWSCore (2.5.2)
  - AWSKinesis (2.5.2):
    - AWSCore (= 2.5.2)

DEPENDENCIES:
  - AffdexSDK-iOS (= 3.2.1-629)

SPEC CHECKSUMS:
  AffdexSDK-iOS: e4190018bfb9a67903365bc17c75f6f58ab5d87e
  AWSCore: b2fe455c2c7d6653521238c5b0b0ddb67ec4f063
  AWSKinesis: 124bfe652495ca07e63cd947080829679cc32547

PODFILE CHECKSUM: 1ddcc76621984d56d09402c59cc8d0d0c921aee6

COCOAPODS: 1.2.0.beta.1
